
Microsoft Visual Studio Solution File, Format Version 12.00
# Visual Studio Version 17
VisualStudioVersion = 17.8.34601.278
MinimumVisualStudioVersion = 10.0.40219.1
Project("{FAE04EC0-301F-11D3-BF4B-00C04F79EFBC}") = "DZ_3.03.2024_3", "DZ_3.03.2024_3\DZ_3.03.2024_3.csproj", "{CD2FD011-0254-4187-9586-4174F97FC32E}"
EndProject
Global
	GlobalSection(SolutionConfigurationPlatforms) = preSolution
		Debug|Any CPU = Debug|Any CPU
		Release|Any CPU = Release|Any CPU
	EndGlobalSection
	GlobalSection(ProjectConfigurationPlatforms) = postSolution
		{CD2FD011-0254-4187-9586-4174F97FC32E}.Debug|Any CPU.ActiveCfg = Debug|Any CPU
		{CD2FD011-0254-4187-9586-4174F97FC32E}.Debug|Any CPU.Build.0 = Debug|Any CPU
		{CD2FD011-0254-4187-9586-4174F97FC32E}.Release|Any CPU.ActiveCfg = Release|Any CPU
		{CD2FD011-0254-4187-9586-4174F97FC32E}.Release|Any CPU.Build.0 = Release|Any CPU
	EndGlobalSection
	GlobalSection(SolutionProperties) = preSolution
		HideSolutionNode = FALSE
	EndGlobalSection
	GlobalSection(ExtensibilityGlobals) = postSolution
		SolutionGuid = {8AB00200-2144-4BEA-81EC-5A7D424BCA73}
	EndGlobalSection
EndGlobal
